
Microsoft Visual Studio Solution File, Format Version 12.00
# Visual Studio 15
VisualStudioVersion = 15.0.27428.2015
MinimumVisualStudioVersion = 10.0.40219.1
Project("{FAE04EC0-301F-11D3-BF4B-00C04F79EFBC}") = "ChirpliDev", "ChirpliDev\ChirpliDev.csproj", "{8218EAA7-2A33-4D75-8D44-D131DE62954A}"
EndProject
Global
	GlobalSection(SolutionConfigurationPlatforms) = preSolution
		Debug|Any CPU = Debug|Any CPU
		Release|Any CPU = Release|Any CPU
	EndGlobalSection
	GlobalSection(ProjectConfigurationPlatforms) = postSolution
		{8218EAA7-2A33-4D75-8D44-D131DE62954A}.Debug|Any CPU.ActiveCfg = Debug|Any CPU
		{8218EAA7-2A33-4D75-8D44-D131DE62954A}.Debug|Any CPU.Build.0 = Debug|Any CPU
		{8218EAA7-2A33-4D75-8D44-D131DE62954A}.Release|Any CPU.ActiveCfg = Release|Any CPU
		{8218EAA7-2A33-4D75-8D44-D131DE62954A}.Release|Any CPU.Build.0 = Release|Any CPU
	EndGlobalSection
	GlobalSection(SolutionProperties) = preSolution
		HideSolutionNode = FALSE
	EndGlobalSection
	GlobalSection(ExtensibilityGlobals) = postSolution
		SolutionGuid = {A605D81B-A54A-4F9C-85DD-5CB5AE56D047}
	EndGlobalSection
EndGlobal
